devDependencies:
  vitepress: 0.12.2
lockfileVersion: 5.2
packages:
  /@algolia/cache-browser-local-storage/4.8.5:
    dependencies:
      '@algolia/cache-common': 4.8.5
    dev: true
    resolution:
      integrity: sha1-PrEHWMeU08yPxOnwnjOdW5WJ3Jw=
      tarball: '@algolia/cache-browser-local-storage/download/@algolia/cache-browser-local-storage-4.8.5.tgz'
  /@algolia/cache-common/4.8.5:
    dev: true
    resolution:
      integrity: sha1-hvimh4vS/FyNiJ5I0Y0wM/qgvNg=
      tarball: '@algolia/cache-common/download/@algolia/cache-common-4.8.5.tgz'
  /@algolia/cache-in-memory/4.8.5:
    dependencies:
      '@algolia/cache-common': 4.8.5
    dev: true
    resolution:
      integrity: sha1-EwVdVHdfmapOHOBR5zB50PIHo+Y=
      tarball: '@algolia/cache-in-memory/download/@algolia/cache-in-memory-4.8.5.tgz'
  /@algolia/client-account/4.8.5:
    dependencies:
      '@algolia/client-common': 4.8.5
      '@algolia/client-search': 4.8.5
      '@algolia/transporter': 4.8.5
    dev: true
    resolution:
      integrity: sha1-kt8d0Ke+oG4ymHPHCYxyzE3Y6dY=
      tarball: '@algolia/client-account/download/@algolia/client-account-4.8.5.tgz'
  /@algolia/client-analytics/4.8.5:
    dependencies:
      '@algolia/client-common': 4.8.5
      '@algolia/client-search': 4.8.5
      '@algolia/requester-common': 4.8.5
      '@algolia/transporter': 4.8.5
    dev: true
    resolution:
      integrity: sha1-GqcxoUazRwIqCp4OsAnysvjZgl8=
      tarball: '@algolia/client-analytics/download/@algolia/client-analytics-4.8.5.tgz'
  /@algolia/client-common/4.8.5:
    dependencies:
      '@algolia/requester-common': 4.8.5
      '@algolia/transporter': 4.8.5
    dev: true
    resolution:
      integrity: sha1-d+XZu/y0IfqIEs3ZGUOWHGR5MUg=
      tarball: '@algolia/client-common/download/@algolia/client-common-4.8.5.tgz'
  /@algolia/client-recommendation/4.8.5:
    dependencies:
      '@algolia/client-common': 4.8.5
      '@algolia/requester-common': 4.8.5
      '@algolia/transporter': 4.8.5
    dev: true
    resolution:
      integrity: sha1-8C+Pj/OYNZfK5nfsC8PrAa4mEho=
      tarball: '@algolia/client-recommendation/download/@algolia/client-recommendation-4.8.5.tgz'
  /@algolia/client-search/4.8.5:
    dependencies:
      '@algolia/client-common': 4.8.5
      '@algolia/requester-common': 4.8.5
      '@algolia/transporter': 4.8.5
    dev: true
    resolution:
      integrity: sha1-lwpckYR4ItvYJWX5e9Kgw3pdVuY=
      tarball: '@algolia/client-search/download/@algolia/client-search-4.8.5.tgz'
  /@algolia/logger-common/4.8.5:
    dev: true
    resolution:
      integrity: sha1-7ydcUywhQk9LKbJuwuJ94slzrZU=
      tarball: '@algolia/logger-common/download/@algolia/logger-common-4.8.5.tgz'
  /@algolia/logger-console/4.8.5:
    dependencies:
      '@algolia/logger-common': 4.8.5
    dev: true
    resolution:
      integrity: sha1-j+VH/c92V0ljUD98T/JnPnkq6IY=
      tarball: '@algolia/logger-console/download/@algolia/logger-console-4.8.5.tgz'
  /@algolia/requester-browser-xhr/4.8.5:
    dependencies:
      '@algolia/requester-common': 4.8.5
    dev: true
    resolution:
      integrity: sha1-leAeLco4NYBV8IRA9G1PC59zUoA=
      tarball: '@algolia/requester-browser-xhr/download/@algolia/requester-browser-xhr-4.8.5.tgz'
  /@algolia/requester-common/4.8.5:
    dev: true
    resolution:
      integrity: sha1-lS3sOzbBRJWvFYkUzWwOLJznK14=
      tarball: '@algolia/requester-common/download/@algolia/requester-common-4.8.5.tgz'
  /@algolia/requester-node-http/4.8.5:
    dependencies:
      '@algolia/requester-common': 4.8.5
    dev: true
    resolution:
      integrity: sha1-oeWm0jqaTnir1aJBbxpsIysKfhQ=
      tarball: '@algolia/requester-node-http/download/@algolia/requester-node-http-4.8.5.tgz'
  /@algolia/transporter/4.8.5:
    dependencies:
      '@algolia/cache-common': 4.8.5
      '@algolia/logger-common': 4.8.5
      '@algolia/requester-common': 4.8.5
    dev: true
    resolution:
      integrity: sha1-hvTihstOum5i8cA5PDPMF/8mL6k=
      tarball: '@algolia/transporter/download/@algolia/transporter-4.8.5.tgz'
  /@arr/every/1.0.1:
    dev: true
    engines:
      node: '>=4'
    resolution:
      integrity: sha1-Iv4fjmNVvspsfHvell6xXPmUOHs=
      tarball: '@arr/every/download/@arr/every-1.0.1.tgz'
  /@babel/helper-validator-identifier/7.12.11:
    dev: true
    resolution:
      integrity: sha1-yaHwIZF9y1zPDU5FPjmQIpgfye0=
      tarball: '@babel/helper-validator-identifier/download/@babel/helper-validator-identifier-7.12.11.tgz'
  /@babel/parser/7.13.4:
    dev: true
    engines:
      node: '>=6.0.0'
    hasBin: true
    resolution:
      integrity: sha1-NAIRsNqUo1Gm8Q5jZx+nJzM9E6s=
      tarball: '@babel/parser/download/@babel/parser-7.13.4.tgz'
  /@babel/types/7.13.0:
    dependencies:
      '@babel/helper-validator-identifier': 7.12.11
      lodash: 4.17.21
      to-fast-properties: 2.0.0
    dev: true
    resolution:
      integrity: sha1-dEJNKBbwFxtBAPCrNOmjdO/ff4A=
      tarball: '@babel/types/download/@babel/types-7.13.0.tgz?cache=0&sync_timestamp=1614043628302&other_urls=https%3A%2F%2Fregistry.npm.taobao.org%2F%40babel%2Ftypes%2Fdownload%2F%40babel%2Ftypes-7.13.0.tgz'
  /@docsearch/css/1.0.0-alpha.28:
    dev: true
    resolution:
      integrity: sha1-yKLNjBuzpoVcUYkunb2rXUL+biM=
      tarball: '@docsearch/css/download/@docsearch/css-1.0.0-alpha.28.tgz'
  /@docsearch/js/1.0.0-alpha.28:
    dependencies:
      '@docsearch/react': 1.0.0-alpha.28
      preact: 10.5.12
    dev: true
    resolution:
      integrity: sha1-8P3nuKax4dinrh52VcQ9lZtFeys=
      tarball: '@docsearch/js/download/@docsearch/js-1.0.0-alpha.28.tgz'
  /@docsearch/react/1.0.0-alpha.28:
    dependencies:
      '@docsearch/css': 1.0.0-alpha.28
      '@francoischalifour/autocomplete-core': 1.0.0-alpha.28
      '@francoischalifour/autocomplete-preset-algolia': 1.0.0-alpha.28
      algoliasearch: 4.8.5
    dev: true
    peerDependencies:
      react: ^16.8.0
      react-dom: ^16.8.0
    resolution:
      integrity: sha1-TwOe15+LMzKxmldneyGa68UBDp0=
      tarball: '@docsearch/react/download/@docsearch/react-1.0.0-alpha.28.tgz'
  /@francoischalifour/autocomplete-core/1.0.0-alpha.28:
    dev: true
    resolution:
      integrity: sha1-a52EkSiOd/gx6bNF1GFiOw0/UAU=
      tarball: '@francoischalifour/autocomplete-core/download/@francoischalifour/autocomplete-core-1.0.0-alpha.28.tgz'
  /@francoischalifour/autocomplete-preset-algolia/1.0.0-alpha.28:
    dev: true
    resolution:
      integrity: sha1-pa15lvQuQ+Ssu04AENZjdG0OmZc=
      tarball: '@francoischalifour/autocomplete-preset-algolia/download/@francoischalifour/autocomplete-preset-algolia-1.0.0-alpha.28.tgz'
  /@nodelib/fs.scandir/2.1.4:
    dependencies:
      '@nodelib/fs.stat': 2.0.4
      run-parallel: 1.2.0
    dev: true
    engines:
      node: '>= 8'
    resolution:
      integrity: sha1-1LNUml213iaD4MEHGrTxQJBLv2k=
      tarball: '@nodelib/fs.scandir/download/@nodelib/fs.scandir-2.1.4.tgz'
  /@nodelib/fs.stat/2.0.4:
    dev: true
    engines:
      node: '>= 8'
    resolution:
      integrity: sha1-o/LdYbq0O424+hCKEhz//kxnZlU=
      tarball: '@nodelib/fs.stat/download/@nodelib/fs.stat-2.0.4.tgz'
  /@nodelib/fs.walk/1.2.6:
    dependencies:
      '@nodelib/fs.scandir': 2.1.4
      fastq: 1.11.0
    dev: true
    engines:
      node: '>= 8'
    resolution:
      integrity: sha1-zOk5azCqWv6eN1Zgj1gxrctT0GM=
      tarball: '@nodelib/fs.walk/download/@nodelib/fs.walk-1.2.6.tgz'
  /@polka/url/0.5.0:
    dev: true
    resolution:
      integrity: sha1-shUQWX/WAeXXyVAIt2vw0lTr/TE=
      tarball: '@polka/url/download/@polka/url-0.5.0.tgz'
  /@polka/url/1.0.0-next.11:
    dev: true
    resolution:
      integrity: sha1-rrFvUGSaka952+NldLZtD55Nn3E=
      tarball: '@polka/url/download/@polka/url-1.0.0-next.11.tgz'
  /@vitejs/plugin-vue/1.1.5_@vue+compiler-sfc@3.0.6:
    dependencies:
      '@vue/compiler-sfc': 3.0.6_vue@3.0.6
    dev: true
    engines:
      node: '>=12.0.0'
    peerDependencies:
      '@vue/compiler-sfc': ^3.0.6
    resolution:
      integrity: sha1-+h6OXgScNeITZy4z9z/oFwatXb4=
      tarball: '@vitejs/plugin-vue/download/@vitejs/plugin-vue-1.1.5.tgz'
  /@vue/compiler-core/3.0.6:
    dependencies:
      '@babel/parser': 7.13.4
      '@babel/types': 7.13.0
      '@vue/shared': 3.0.6
      estree-walker: 2.0.2
      source-map: 0.6.1
    dev: true
    resolution:
      integrity: sha1-Jlu+BxGoGrTBNE+ClOIuLQjKFn0=
      tarball: '@vue/compiler-core/download/@vue/compiler-core-3.0.6.tgz'
  /@vue/compiler-dom/3.0.6:
    dependencies:
      '@vue/compiler-core': 3.0.6
      '@vue/shared': 3.0.6
    dev: true
    resolution:
      integrity: sha1-+Uw5WTIKElKRW9ArlD+Wp+4/yVE=
      tarball: '@vue/compiler-dom/download/@vue/compiler-dom-3.0.6.tgz'
  /@vue/compiler-sfc/3.0.6_vue@3.0.6:
    dependencies:
      '@babel/parser': 7.13.4
      '@babel/types': 7.13.0
      '@vue/compiler-core': 3.0.6
      '@vue/compiler-dom': 3.0.6
      '@vue/compiler-ssr': 3.0.6
      '@vue/shared': 3.0.6
      consolidate: 0.16.0
      estree-walker: 2.0.2
      hash-sum: 2.0.0
      lru-cache: 5.1.1
      magic-string: 0.25.7
      merge-source-map: 1.1.0
      postcss: 8.2.6
      postcss-modules: 4.0.0_postcss@8.2.6
      postcss-selector-parser: 6.0.4
      source-map: 0.6.1
      vue: 3.0.6
    dev: true
    peerDependencies:
      vue: 3.0.6
    resolution:
      integrity: sha1-OUX3OpPVKGh5nx4zKnW7iEmXask=
      tarball: '@vue/compiler-sfc/download/@vue/compiler-sfc-3.0.6.tgz'
  /@vue/compiler-ssr/3.0.6:
    dependencies:
      '@vue/compiler-dom': 3.0.6
      '@vue/shared': 3.0.6
    dev: true
    resolution:
      integrity: sha1-cVY2HkxGXL7icjJ17cYelAZ45Hw=
      tarball: '@vue/compiler-ssr/download/@vue/compiler-ssr-3.0.6.tgz'
  /@vue/reactivity/3.0.6:
    dependencies:
      '@vue/shared': 3.0.6
    dev: true
    resolution:
      integrity: sha1-exbz1dBMxVAoCF//C7hHXMDjKZE=
      tarball: '@vue/reactivity/download/@vue/reactivity-3.0.6.tgz'
  /@vue/runtime-core/3.0.6:
    dependencies:
      '@vue/reactivity': 3.0.6
      '@vue/shared': 3.0.6
    dev: true
    resolution:
      integrity: sha1-0Wd5tWZFk/HSW+Z3+xsZaAJKpTI=
      tarball: '@vue/runtime-core/download/@vue/runtime-core-3.0.6.tgz'
  /@vue/runtime-dom/3.0.6:
    dependencies:
      '@vue/runtime-core': 3.0.6
      '@vue/shared': 3.0.6
      csstype: 2.6.16
    dev: true
    resolution:
      integrity: sha1-59bGGRPYcfHwIKmoG1WMj8vrqMY=
      tarball: '@vue/runtime-dom/download/@vue/runtime-dom-3.0.6.tgz'
  /@vue/server-renderer/3.0.6_vue@3.0.6:
    dependencies:
      '@vue/compiler-ssr': 3.0.6
      '@vue/shared': 3.0.6
      vue: 3.0.6
    dev: true
    peerDependencies:
      vue: 3.0.6
    resolution:
      integrity: sha1-NGuCJeMRG+iKem7Y+W7NMIUqWsU=
      tarball: '@vue/server-renderer/download/@vue/server-renderer-3.0.6.tgz'
  /@vue/shared/3.0.6:
    dev: true
    resolution:
      integrity: sha1-1lV2Qw/ErTg9x8gpEYeY5RaReNQ=
      tarball: '@vue/shared/download/@vue/shared-3.0.6.tgz'
  /accepts/1.3.7:
    dependencies:
      mime-types: 2.1.29
      negotiator: 0.6.2
    dev: true
    engines:
      node: '>= 0.6'
    resolution:
      integrity: sha1-UxvHJlF6OytB+FACHGzBXqq1B80=
      tarball: accepts/download/accepts-1.3.7.tgz
  /algoliasearch/4.8.5:
    dependencies:
      '@algolia/cache-browser-local-storage': 4.8.5
      '@algolia/cache-common': 4.8.5
      '@algolia/cache-in-memory': 4.8.5
      '@algolia/client-account': 4.8.5
      '@algolia/client-analytics': 4.8.5
      '@algolia/client-common': 4.8.5
      '@algolia/client-recommendation': 4.8.5
      '@algolia/client-search': 4.8.5
      '@algolia/logger-common': 4.8.5
      '@algolia/logger-console': 4.8.5
      '@algolia/requester-browser-xhr': 4.8.5
      '@algolia/requester-common': 4.8.5
      '@algolia/requester-node-http': 4.8.5
      '@algolia/transporter': 4.8.5
    dev: true
    resolution:
      integrity: sha1-F6l7AcRsGsXBzZnZUNZecGTIuKk=
      tarball: algoliasearch/download/algoliasearch-4.8.5.tgz
  /ansi-regex/5.0.0:
    dev: true
    engines:
      node: '>=8'
    resolution:
      integrity: sha1-OIU59VF5vzkznIGvMKZU1p+Hy3U=
      tarball: ansi-regex/download/ansi-regex-5.0.0.tgz
  /ansi-styles/4.3.0:
    dependencies:
      color-convert: 2.0.1
    dev: true
    engines:
      node: '>=8'
    resolution:
      integrity: sha1-7dgDYornHATIWuegkG7a00tkiTc=
      tarball: ansi-styles/download/ansi-styles-4.3.0.tgz
  /argparse/1.0.10:
    dependencies:
      sprintf-js: 1.0.3
    dev: true
    resolution:
      integrity: sha1-vNZ5HqWuCXJeF+WtmIE0zUCz2RE=
      tarball: argparse/download/argparse-1.0.10.tgz
  /array-union/2.1.0:
    dev: true
    engines:
      node: '>=8'
    resolution:
      integrity: sha1-t5hCCtvrHego2ErNii4j0+/oXo0=
      tarball: array-union/download/array-union-2.1.0.tgz?cache=0&sync_timestamp=1614593173041&other_urls=https%3A%2F%2Fregistry.npm.taobao.org%2Farray-union%2Fdownload%2Farray-union-2.1.0.tgz
  /at-least-node/1.0.0:
    dev: true
    engines:
      node: '>= 4.0.0'
    resolution:
      integrity: sha1-YCzUtG6EStTv/JKoARo8RuAjjcI=
      tarball: at-least-node/download/at-least-node-1.0.0.tgz
  /base64-js/1.5.1:
    dev: true
    resolution:
      integrity: sha1-GxtEAWClv3rUC2UPCVljSBkDkwo=
      tarball: base64-js/download/base64-js-1.5.1.tgz
  /big.js/5.2.2:
    dev: true
    resolution:
      integrity: sha1-ZfCvOC9Xi83HQr2cKB6cstd2gyg=
      tarball: big.js/download/big.js-5.2.2.tgz
  /bl/4.1.0:
    dependencies:
      buffer: 5.7.1
      inherits: 2.0.4
      readable-stream: 3.6.0
    dev: true
    resolution:
      integrity: sha1-RRU1JkGCvsL7vIOmKrmM8R2fezo=
      tarball: bl/download/bl-4.1.0.tgz
  /bluebird/3.7.2:
    dev: true
    resolution:
      integrity: sha1-nyKcFb4nJFT/qXOs4NvueaGww28=
      tarball: bluebird/download/bluebird-3.7.2.tgz
  /braces/3.0.2:
    dependencies:
      fill-range: 7.0.1
    dev: true
    engines:
      node: '>=8'
    resolution:
      integrity: sha1-NFThpGLujVmeI23zNs2epPiv4Qc=
      tarball: braces/download/braces-3.0.2.tgz
  /buffer/5.7.1:
    dependencies:
      base64-js: 1.5.1
      ieee754: 1.2.1
    dev: true
    resolution:
      integrity: sha1-umLnwTEzBTWCGXFghRqPZI6Z7tA=
      tarball: buffer/download/buffer-5.7.1.tgz
  /bytes/3.0.0:
    dev: true
    engines:
      node: '>= 0.8'
    resolution:
      integrity: sha1-0ygVQE1olpn4Wk6k+odV3ROpYEg=
      tarball: bytes/download/bytes-3.0.0.tgz
  /chalk/4.1.0:
    dependencies:
      ansi-styles: 4.3.0
      supports-color: 7.2.0
    dev: true
    engines:
      node: '>=10'
    resolution:
      integrity: sha1-ThSHCmGNni7dl92DRf2dncMVZGo=
      tarball: chalk/download/chalk-4.1.0.tgz
  /cli-cursor/3.1.0:
    dependencies:
      restore-cursor: 3.1.0
    dev: true
    engines:
      node: '>=8'
    resolution:
      integrity: sha1-JkMFp65JDR0Dvwybp8kl0XU68wc=
      tarball: cli-cursor/download/cli-cursor-3.1.0.tgz
  /cli-spinners/2.5.0:
    dev: true
    engines:
      node: '>=6'
    resolution:
      integrity: sha1-EnY+RyUb+VHLdcIB36WP8byy0Ec=
      tarball: cli-spinners/download/cli-spinners-2.5.0.tgz
  /clipboard/2.0.6:
    dependencies:
      good-listener: 1.2.2
      select: 1.1.2
      tiny-emitter: 2.1.0
    dev: true
    optional: true
    resolution:
      integrity: sha1-UpISlu7A/fd+rRdJQhshyWhkc3Y=
      tarball: clipboard/download/clipboard-2.0.6.tgz
  /clone/1.0.4:
    dev: true
    engines:
      node: '>=0.8'
    resolution:
      integrity: sha1-2jCcwmPfFZlMaIypAheco8fNfH4=
      tarball: clone/download/clone-1.0.4.tgz
  /color-convert/2.0.1:
    dependencies:
      color-name: 1.1.4
    dev: true
    engines:
      node: '>=7.0.0'
    resolution:
      integrity: sha1-ctOmjVmMm9s68q0ehPIdiWq9TeM=
      tarball: color-convert/download/color-convert-2.0.1.tgz
  /color-name/1.1.4:
    dev: true
    resolution:
      integrity: sha1-wqCah6y95pVD3m9j+jmVyCbFNqI=
      tarball: color-name/download/color-name-1.1.4.tgz
  /colorette/1.2.2:
    dev: true
    resolution:
      integrity: sha1-y8x51emcrqLb8Q6zom/Ys+as+pQ=
      tarball: colorette/download/colorette-1.2.2.tgz
  /compressible/2.0.18:
    dependencies:
      mime-db: 1.46.0
    dev: true
    engines:
      node: '>= 0.6'
    resolution:
      integrity: sha1-r1PMprBw1MPAdQ+9dyhqbXzEb7o=
      tarball: compressible/download/compressible-2.0.18.tgz
  /compression/1.7.4:
    dependencies:
      accepts: 1.3.7
      bytes: 3.0.0
      compressible: 2.0.18
      debug: 2.6.9
      on-headers: 1.0.2
      safe-buffer: 5.1.2
      vary: 1.1.2
    dev: true
    engines:
      node: '>= 0.8.0'
    resolution:
      integrity: sha1-lVI+/xcMpXwpoMpB5v4TH0Hlu48=
      tarball: compression/download/compression-1.7.4.tgz
  /consolidate/0.16.0:
    dependencies:
      bluebird: 3.7.2
    dev: true
    engines:
      node: '>= 0.10.0'
    resolution:
      integrity: sha1-oRhkdokw8vGUMWYKZZBmaPX73BY=
      tarball: consolidate/download/consolidate-0.16.0.tgz
  /cssesc/3.0.0:
    dev: true
    engines:
      node: '>=4'
    hasBin: true
    resolution:
      integrity: sha1-N3QZGZA7hoVl4cCep0dEXNGJg+4=
      tarball: cssesc/download/cssesc-3.0.0.tgz
  /csstype/2.6.16:
    dev: true
    resolution:
      integrity: sha1-VE1p9UcBO4WkDRW/912zjzT+nDk=
      tarball: csstype/download/csstype-2.6.16.tgz
  /debug/2.6.9:
    dependencies:
      ms: 2.0.0
    dev: true
    resolution:
      integrity: sha1-XRKFFd8TT/Mn6QpMk/Tgd6U2NB8=
      tarball: debug/download/debug-2.6.9.tgz?cache=0&sync_timestamp=1610095901939&other_urls=https%3A%2F%2Fregistry.npm.taobao.org%2Fdebug%2Fdownload%2Fdebug-2.6.9.tgz
  /debug/4.3.1:
    dependencies:
      ms: 2.1.2
    dev: true
    engines:
      node: '>=6.0'
    resolution:
      integrity: sha1-8NIpxQXgxtjEmsVT0bE9wYP2su4=
      tarball: debug/download/debug-4.3.1.tgz?cache=0&sync_timestamp=1610095901939&other_urls=https%3A%2F%2Fregistry.npm.taobao.org%2Fdebug%2Fdownload%2Fdebug-4.3.1.tgz
  /defaults/1.0.3:
    dependencies:
      clone: 1.0.4
    dev: true
    resolution:
      integrity: sha1-xlYFHpgX2f8I7YgUd/P+QBnz730=
      tarball: defaults/download/defaults-1.0.3.tgz
  /delegate/3.2.0:
    dev: true
    optional: true
    resolution:
      integrity: sha1-tmtxwxWFIuirV0T3INjKDCr1kWY=
      tarball: delegate/download/delegate-3.2.0.tgz
  /diacritics/1.3.0:
    dev: true
    resolution:
      integrity: sha1-PvqHMj67hj5mls67AILUj/PW96E=
      tarball: diacritics/download/diacritics-1.3.0.tgz
  /dir-glob/3.0.1:
    dependencies:
      path-type: 4.0.0
    dev: true
    engines:
      node: '>=8'
    resolution:
      integrity: sha1-Vtv3PZkqSpO6FYT0U0Bj/S5BcX8=
      tarball: dir-glob/download/dir-glob-3.0.1.tgz
  /emojis-list/3.0.0:
    dev: true
    engines:
      node: '>= 4'
    resolution:
      integrity: sha1-VXBmIEatKeLpFucariYKvf9Pang=
      tarball: emojis-list/download/emojis-list-3.0.0.tgz
  /entities/2.0.3:
    dev: true
    resolution:
      integrity: sha1-XEh+V0Krk8Fau12iJ1m4WQ7AO38=
      tarball: entities/download/entities-2.0.3.tgz
  /esbuild/0.8.54:
    dev: true
    hasBin: true
    requiresBuild: true
    resolution:
      integrity: sha1-LzL/gOlcaaDyW3mddqJ8BeKFfN8=
      tarball: esbuild/download/esbuild-0.8.54.tgz?cache=0&sync_timestamp=1614593172936&other_urls=https%3A%2F%2Fregistry.npm.taobao.org%2Fesbuild%2Fdownload%2Fesbuild-0.8.54.tgz
  /escape-html/1.0.3:
    dev: true
    resolution:
      integrity: sha1-Aljq5NPQwJdN4cFpGI7wBR0dGYg=
      tarball: escape-html/download/escape-html-1.0.3.tgz
  /esprima/4.0.1:
    dev: true
    engines:
      node: '>=4'
    hasBin: true
    resolution:
      integrity: sha1-E7BM2z5sXRnfkatph6hpVhmwqnE=
      tarball: esprima/download/esprima-4.0.1.tgz
  /estree-walker/2.0.2:
    dev: true
    resolution:
      integrity: sha1-UvAQF4wqTBF6d1fP6UKtt9LaTKw=
      tarball: estree-walker/download/estree-walker-2.0.2.tgz
  /extend-shallow/2.0.1:
    dependencies:
      is-extendable: 0.1.1
    dev: true
    engines:
      node: '>=0.10.0'
    resolution:
      integrity: sha1-Ua99YUrZqfYQ6huvu5idaxxWiQ8=
      tarball: extend-shallow/download/extend-shallow-2.0.1.tgz
  /fast-glob/3.2.5:
    dependencies:
      '@nodelib/fs.stat': 2.0.4
      '@nodelib/fs.walk': 1.2.6
      glob-parent: 5.1.1
      merge2: 1.4.1
      micromatch: 4.0.2
      picomatch: 2.2.2
    dev: true
    engines:
      node: '>=8'
    resolution:
      integrity: sha1-eTmvKmVt55pPGQGQPuityqfLlmE=
      tarball: fast-glob/download/fast-glob-3.2.5.tgz
  /fastq/1.11.0:
    dependencies:
      reusify: 1.0.4
    dev: true
    resolution:
      integrity: sha1-u5+5VaBxMKkY62PB9RYcwypdCFg=
      tarball: fastq/download/fastq-1.11.0.tgz
  /fill-range/7.0.1:
    dependencies:
      to-regex-range: 5.0.1
    dev: true
    engines:
      node: '>=8'
    resolution:
      integrity: sha1-GRmmp8df44ssfHflGYU12prN2kA=
      tarball: fill-range/download/fill-range-7.0.1.tgz
  /fs-extra/9.1.0:
    dependencies:
      at-least-node: 1.0.0
      graceful-fs: 4.2.6
      jsonfile: 6.1.0
      universalify: 2.0.0
    dev: true
    engines:
      node: '>=10'
    resolution:
      integrity: sha1-WVRGDHZKjaIJS6NVS/g55rmnyG0=
      tarball: fs-extra/download/fs-extra-9.1.0.tgz
  /fsevents/2.3.2:
    dev: true
    engines:
      node: ^8.16.0 || ^10.6.0 || >=11.0.0
    optional: true
    resolution:
      integrity: sha1-ilJveLj99GI7cJ4Ll1xSwkwC/Ro=
      tarball: fsevents/download/fsevents-2.3.2.tgz
  /function-bind/1.1.1:
    dev: true
    resolution:
      integrity: sha1-pWiZ0+o8m6uHS7l3O3xe3pL0iV0=
      tarball: function-bind/download/function-bind-1.1.1.tgz
  /generic-names/2.0.1:
    dependencies:
      loader-utils: 1.4.0
    dev: true
    resolution:
      integrity: sha1-+KN46tLMqno08DF7BVVIMq5BuHI=
      tarball: generic-names/download/generic-names-2.0.1.tgz
  /glob-parent/5.1.1:
    dependencies:
      is-glob: 4.0.1
    dev: true
    engines:
      node: '>= 6'
    resolution:
      integrity: sha1-tsHvQXxOVmPqSY8cRa+saRa7wik=
      tarball: glob-parent/download/glob-parent-5.1.1.tgz
  /globby/11.0.2:
    dependencies:
      array-union: 2.1.0
      dir-glob: 3.0.1
      fast-glob: 3.2.5
      ignore: 5.1.8
      merge2: 1.4.1
      slash: 3.0.0
    dev: true
    engines:
      node: '>=10'
    resolution:
      integrity: sha1-GvU4t2ajtUDr+1ijKy4tWJcyHYM=
      tarball: globby/download/globby-11.0.2.tgz
  /good-listener/1.2.2:
    dependencies:
      delegate: 3.2.0
    dev: true
    optional: true
    resolution:
      integrity: sha1-1TswzfkxPf+33JoNR3CWqm0UXFA=
      tarball: good-listener/download/good-listener-1.2.2.tgz
  /graceful-fs/4.2.6:
    dev: true
    resolution:
      integrity: sha1-/wQLKwhTsjw9MQJ1I3BvGIXXa+4=
      tarball: graceful-fs/download/graceful-fs-4.2.6.tgz?cache=0&sync_timestamp=1612917647930&other_urls=https%3A%2F%2Fregistry.npm.taobao.org%2Fgraceful-fs%2Fdownload%2Fgraceful-fs-4.2.6.tgz
  /gray-matter/4.0.2:
    dependencies:
      js-yaml: 3.14.1
      kind-of: 6.0.3
      section-matter: 1.0.0
      strip-bom-string: 1.0.0
    dev: true
    engines:
      node: '>=6.0'
    resolution:
      integrity: sha1-mqN546yvQhGT/OfSoozr1FGKxFQ=
      tarball: gray-matter/download/gray-matter-4.0.2.tgz
  /has-flag/4.0.0:
    dev: true
    engines:
      node: '>=8'
    resolution:
      integrity: sha1-lEdx/ZyByBJlxNaUGGDaBrtZR5s=
      tarball: has-flag/download/has-flag-4.0.0.tgz
  /has/1.0.3:
    dependencies:
      function-bind: 1.1.1
    dev: true
    engines:
      node: '>= 0.4.0'
    resolution:
      integrity: sha1-ci18v8H2qoJB8W3YFOAR4fQeh5Y=
      tarball: has/download/has-1.0.3.tgz
  /hash-sum/2.0.0:
    dev: true
    resolution:
      integrity: sha1-gdAbtd6OpKIUrV1urRtSNGCwtFo=
      tarball: hash-sum/download/hash-sum-2.0.0.tgz
  /icss-replace-symbols/1.1.0:
    dev: true
    resolution:
      integrity: sha1-Bupvg2ead0njhs/h/oEq5dsiPe0=
      tarball: icss-replace-symbols/download/icss-replace-symbols-1.1.0.tgz
  /icss-utils/5.1.0_postcss@8.2.6:
    dependencies:
      postcss: 8.2.6
    dev: true
    engines:
      node: ^10 || ^12 || >= 14
    peerDependencies:
      postcss: ^8.1.0
    resolution:
      integrity: sha1-xr5oWKvQE9do6YNmrkfiXViHsa4=
      tarball: icss-utils/download/icss-utils-5.1.0.tgz
  /ieee754/1.2.1:
    dev: true
    resolution:
      integrity: sha1-jrehCmP/8l0VpXsAFYbRd9Gw01I=
      tarball: ieee754/download/ieee754-1.2.1.tgz
  /ignore/5.1.8:
    dev: true
    engines:
      node: '>= 4'
    resolution:
      integrity: sha1-8VCotQo0KJsz4i9YiavU2AFvDlc=
      tarball: ignore/download/ignore-5.1.8.tgz
  /indexes-of/1.0.1:
    dev: true
    resolution:
      integrity: sha1-8w9xbI4r00bHtn0985FVZqfAVgc=
      tarball: indexes-of/download/indexes-of-1.0.1.tgz
  /inherits/2.0.4:
    dev: true
    resolution:
      integrity: sha1-D6LGT5MpF8NDOg3tVTY6rjdBa3w=
      tarball: inherits/download/inherits-2.0.4.tgz
  /is-core-module/2.2.0:
    dependencies:
      has: 1.0.3
    dev: true
    resolution:
      integrity: sha1-lwN+89UiJNhRY/VZeytj2a/tmBo=
      tarball: is-core-module/download/is-core-module-2.2.0.tgz
  /is-extendable/0.1.1:
    dev: true
    engines:
      node: '>=0.10.0'
    resolution:
      integrity: sha1-YrEQ4omkcUGOPsNqYX1HLjAd/Ik=
      tarball: is-extendable/download/is-extendable-0.1.1.tgz
  /is-extglob/2.1.1:
    dev: true
    engines:
      node: '>=0.10.0'
    resolution:
      integrity: sha1-qIwCU1eR8C7TfHahueqXc8gz+MI=
      tarball: is-extglob/download/is-extglob-2.1.1.tgz
  /is-glob/4.0.1:
    dependencies:
      is-extglob: 2.1.1
    dev: true
    engines:
      node: '>=0.10.0'
    resolution:
      integrity: sha1-dWfb6fL14kZ7x3q4PEopSCQHpdw=
      tarball: is-glob/download/is-glob-4.0.1.tgz
  /is-interactive/1.0.0:
    dev: true
    engines:
      node: '>=8'
    resolution:
      integrity: sha1-zqbmrlyHCnsKAAQHC3tYfgJSkS4=
      tarball: is-interactive/download/is-interactive-1.0.0.tgz
  /is-number/7.0.0:
    dev: true
    engines:
      node: '>=0.12.0'
    resolution:
      integrity: sha1-dTU0W4lnNNX4DE0GxQlVUnoU8Ss=
      tarball: is-number/download/is-number-7.0.0.tgz
  /js-yaml/3.14.1:
    dependencies:
      argparse: 1.0.10
      esprima: 4.0.1
    dev: true
    hasBin: true
    resolution:
      integrity: sha1-2ugS/bOCX6MGYJqHFzg8UMNqBTc=
      tarball: js-yaml/download/js-yaml-3.14.1.tgz
  /json5/1.0.1:
    dependencies:
      minimist: 1.2.5
    dev: true
    hasBin: true
    resolution:
      integrity: sha1-d5+wAYYE+oVOrL9iUhgNg1Q+Pb4=
      tarball: json5/download/json5-1.0.1.tgz
  /jsonfile/6.1.0:
    dependencies:
      universalify: 2.0.0
    dev: true
    optionalDependencies:
      graceful-fs: 4.2.6
    resolution:
      integrity: sha1-vFWyY0eTxnnsZAMJTrE2mKbsCq4=
      tarball: jsonfile/download/jsonfile-6.1.0.tgz
  /kind-of/6.0.3:
    dev: true
    engines:
      node: '>=0.10.0'
    resolution:
      integrity: sha1-B8BQNKbDSfoG4k+jWqdttFgM5N0=
      tarball: kind-of/download/kind-of-6.0.3.tgz
  /linkify-it/2.2.0:
    dependencies:
      uc.micro: 1.0.6
    dev: true
    resolution:
      integrity: sha1-47VGl+eL+RXHCjis14/QngBYsc8=
      tarball: linkify-it/download/linkify-it-2.2.0.tgz
  /loader-utils/1.4.0:
    dependencies:
      big.js: 5.2.2
      emojis-list: 3.0.0
      json5: 1.0.1
    dev: true
    engines:
      node: '>=4.0.0'
    resolution:
      integrity: sha1-xXm140yzSxp07cbB+za/o3HVphM=
      tarball: loader-utils/download/loader-utils-1.4.0.tgz
  /lodash.camelcase/4.3.0:
    dev: true
    resolution:
      integrity: sha1-soqmKIorn8ZRA1x3EfZathkDMaY=
      tarball: lodash.camelcase/download/lodash.camelcase-4.3.0.tgz
  /lodash/4.17.21:
    dev: true
    resolution:
      integrity: sha1-Z5WRxWTDv/quhFTPCz3zcMPWkRw=
      tarball: lodash/download/lodash-4.17.21.tgz
  /log-symbols/4.0.0:
    dependencies:
      chalk: 4.1.0
    dev: true
    engines:
      node: '>=10'
    resolution:
      integrity: sha1-abPMRtIPRI7M23XqH6cz2eghySA=
      tarball: log-symbols/download/log-symbols-4.0.0.tgz
  /lru-cache/5.1.1:
    dependencies:
      yallist: 3.1.1
    dev: true
    resolution:
      integrity: sha1-HaJ+ZxAnGUdpXa9oSOhH8B2EuSA=
      tarball: lru-cache/download/lru-cache-5.1.1.tgz
  /lru-cache/6.0.0:
    dependencies:
      yallist: 4.0.0
    dev: true
    engines:
      node: '>=10'
    resolution:
      integrity: sha1-bW/mVw69lqr5D8rR2vo7JWbbOpQ=
      tarball: lru-cache/download/lru-cache-6.0.0.tgz
  /magic-string/0.25.7:
    dependencies:
      sourcemap-codec: 1.4.8
    dev: true
    resolution:
      integrity: sha1-P0l9b9NMZpxnmNy4IfLvMfVEUFE=
      tarball: magic-string/download/magic-string-0.25.7.tgz
  /markdown-it-anchor/5.3.0_markdown-it@10.0.0:
    dependencies:
      markdown-it: 10.0.0
    dev: true
    peerDependencies:
      markdown-it: '*'
    resolution:
      integrity: sha1-1Ums1khWqOzRvqWDZe84Xv+6x0Q=
      tarball: markdown-it-anchor/download/markdown-it-anchor-5.3.0.tgz
  /markdown-it-container/2.0.0:
    dev: true
    resolution:
      integrity: sha1-ABm0P9Au7+zi8ZYKKJX7qBpARpU=
      tarball: markdown-it-container/download/markdown-it-container-2.0.0.tgz
  /markdown-it-emoji/1.4.0:
    dev: true
    resolution:
      integrity: sha1-m+4OmpkKljupbfaYDE/dsF37Tcw=
      tarball: markdown-it-emoji/download/markdown-it-emoji-1.4.0.tgz
  /markdown-it-table-of-contents/0.4.4:
    dev: true
    engines:
      node: '>6.4.0'
    resolution:
      integrity: sha1-PcfOi4/BflmBx3zDmNF4Ixnzf7w=
      tarball: markdown-it-table-of-contents/download/markdown-it-table-of-contents-0.4.4.tgz
  /markdown-it/10.0.0:
    dependencies:
      argparse: 1.0.10
      entities: 2.0.3
      linkify-it: 2.2.0
      mdurl: 1.0.1
      uc.micro: 1.0.6
    dev: true
    hasBin: true
    resolution:
      integrity: sha1-q/xk8UGxci1mNAIETkOSfx9QqNw=
      tarball: markdown-it/download/markdown-it-10.0.0.tgz
  /matchit/1.1.0:
    dependencies:
      '@arr/every': 1.0.1
    dev: true
    engines:
      node: '>=6'
    resolution:
      integrity: sha1-xMzxfZyCTMEwHtvP/em3WmHRCnw=
      tarball: matchit/download/matchit-1.1.0.tgz
  /mdurl/1.0.1:
    dev: true
    resolution:
      integrity: sha1-/oWy7HWlkDfyrf7BAP1sYBdhFS4=
      tarball: mdurl/download/mdurl-1.0.1.tgz
  /merge-source-map/1.1.0:
    dependencies:
      source-map: 0.6.1
    dev: true
    resolution:
      integrity: sha1-L93n5gIJOfcJBqaPLXrmheTIxkY=
      tarball: merge-source-map/download/merge-source-map-1.1.0.tgz
  /merge2/1.4.1:
    dev: true
    engines:
      node: '>= 8'
    resolution:
      integrity: sha1-Q2iJL4hekHRVpv19xVwMnUBJkK4=
      tarball: merge2/download/merge2-1.4.1.tgz
  /micromatch/4.0.2:
    dependencies:
      braces: 3.0.2
      picomatch: 2.2.2
    dev: true
    engines:
      node: '>=8'
    resolution:
      integrity: sha1-T8sJmb+fvC/L3SEvbWKbmlbDklk=
      tarball: micromatch/download/micromatch-4.0.2.tgz
  /mime-db/1.46.0:
    dev: true
    engines:
      node: '>= 0.6'
    resolution:
      integrity: sha1-Ymd0in95lZTePLyM3pHe80lmHO4=
      tarball: mime-db/download/mime-db-1.46.0.tgz
  /mime-types/2.1.29:
    dependencies:
      mime-db: 1.46.0
    dev: true
    engines:
      node: '>= 0.6'
    resolution:
      integrity: sha1-HUq3faZLkfX3JInfKSNlY3VLsbI=
      tarball: mime-types/download/mime-types-2.1.29.tgz
  /mime/2.5.2:
    dev: true
    engines:
      node: '>=4.0.0'
    hasBin: true
    resolution:
      integrity: sha1-bj3GzCuVEGQ4MOXxnVy3U9pe6r4=
      tarball: mime/download/mime-2.5.2.tgz
  /mimic-fn/2.1.0:
    dev: true
    engines:
      node: '>=6'
    resolution:
      integrity: sha1-ftLCzMyvhNP/y3pptXcR/CCDQBs=
      tarball: mimic-fn/download/mimic-fn-2.1.0.tgz
  /minimist/1.2.5:
    dev: true
    resolution:
      integrity: sha1-Z9ZgFLZqaoqqDAg8X9WN9OTpdgI=
      tarball: minimist/download/minimist-1.2.5.tgz
  /ms/2.0.0:
    dev: true
    resolution:
      integrity: sha1-VgiurfwAvmwpAd9fmGF4jeDVl8g=
      tarball: ms/download/ms-2.0.0.tgz
  /ms/2.1.2:
    dev: true
    resolution:
      integrity: sha1-0J0fNXtEP0kzgqjrPM0YOHKuYAk=
      tarball: ms/download/ms-2.1.2.tgz
  /nanoid/3.1.20:
    dev: true
    engines:
      node: ^10 || ^12 || ^13.7 || ^14 || >=15.0.1
    hasBin: true
    resolution:
      integrity: sha1-utwmPGsdzxS3HvqoX2q0wdbPx4g=
      tarball: nanoid/download/nanoid-3.1.20.tgz
  /negotiator/0.6.2:
    dev: true
    engines:
      node: '>= 0.6'
    resolution:
      integrity: sha1-/qz3zPUlp3rpY0Q2pkiD/+yjRvs=
      tarball: negotiator/download/negotiator-0.6.2.tgz
  /on-headers/1.0.2:
    dev: true
    engines:
      node: '>= 0.8'
    resolution:
      integrity: sha1-dysK5qqlJcOZ5Imt+tkMQD6zwo8=
      tarball: on-headers/download/on-headers-1.0.2.tgz
  /onetime/5.1.2:
    dependencies:
      mimic-fn: 2.1.0
    dev: true
    engines:
      node: '>=6'
    resolution:
      integrity: sha1-0Oluu1awdHbfHdnEgG5SN5hcpF4=
      tarball: onetime/download/onetime-5.1.2.tgz
  /ora/5.3.0:
    dependencies:
      bl: 4.1.0
      chalk: 4.1.0
      cli-cursor: 3.1.0
      cli-spinners: 2.5.0
      is-interactive: 1.0.0
      log-symbols: 4.0.0
      strip-ansi: 6.0.0
      wcwidth: 1.0.1
    dev: true
    engines:
      node: '>=10'
    resolution:
      integrity: sha1-+4MomdOhNy/nHIssU0u/50lhu28=
      tarball: ora/download/ora-5.3.0.tgz
  /path-parse/1.0.6:
    dev: true
    resolution:
      integrity: sha1-1i27VnlAXXLEc37FhgDp3c8G0kw=
      tarball: path-parse/download/path-parse-1.0.6.tgz
  /path-type/4.0.0:
    dev: true
    engines:
      node: '>=8'
    resolution:
      integrity: sha1-hO0BwKe6OAr+CdkKjBgNzZ0DBDs=
      tarball: path-type/download/path-type-4.0.0.tgz
  /picomatch/2.2.2:
    dev: true
    engines:
      node: '>=8.6'
    resolution:
      integrity: sha1-IfMz6ba46v8CRo9RRupAbTRfTa0=
      tarball: picomatch/download/picomatch-2.2.2.tgz
  /polka/0.5.2:
    dependencies:
      '@polka/url': 0.5.0
      trouter: 2.0.1
    dev: true
    resolution:
      integrity: sha1-WIvuDFgG28bGSVjeOhJRhg6fLiY=
      tarball: polka/download/polka-0.5.2.tgz
  /postcss-modules-extract-imports/3.0.0_postcss@8.2.6:
    dependencies:
      postcss: 8.2.6
    dev: true
    engines:
      node: ^10 || ^12 || >= 14
    peerDependencies:
      postcss: ^8.1.0
    resolution:
      integrity: sha1-zaHwR8CugMl9vijD52pDuIAldB0=
      tarball: postcss-modules-extract-imports/download/postcss-modules-extract-imports-3.0.0.tgz
  /postcss-modules-local-by-default/4.0.0_postcss@8.2.6:
    dependencies:
      icss-utils: 5.1.0_postcss@8.2.6
      postcss: 8.2.6
      postcss-selector-parser: 6.0.4
      postcss-value-parser: 4.1.0
    dev: true
    engines:
      node: ^10 || ^12 || >= 14
    peerDependencies:
      postcss: ^8.1.0
    resolution:
      integrity: sha1-67tU+uFZjuz99pGgKz/zs5ClpRw=
      tarball: postcss-modules-local-by-default/download/postcss-modules-local-by-default-4.0.0.tgz
  /postcss-modules-scope/3.0.0_postcss@8.2.6:
    dependencies:
      postcss: 8.2.6
      postcss-selector-parser: 6.0.4
    dev: true
    engines:
      node: ^10 || ^12 || >= 14
    peerDependencies:
      postcss: ^8.1.0
    resolution:
      integrity: sha1-nvMVFFbTu/oSDKRImN/Kby+gHwY=
      tarball: postcss-modules-scope/download/postcss-modules-scope-3.0.0.tgz
  /postcss-modules-values/4.0.0_postcss@8.2.6:
    dependencies:
      icss-utils: 5.1.0_postcss@8.2.6
      postcss: 8.2.6
    dev: true
    engines:
      node: ^10 || ^12 || >= 14
    peerDependencies:
      postcss: ^8.1.0
    resolution:
      integrity: sha1-18Xn5ow7s8myfL9Iyguz/7RgLJw=
      tarball: postcss-modules-values/download/postcss-modules-values-4.0.0.tgz
  /postcss-modules/4.0.0_postcss@8.2.6:
    dependencies:
      generic-names: 2.0.1
      icss-replace-symbols: 1.1.0
      lodash.camelcase: 4.3.0
      postcss: 8.2.6
      postcss-modules-extract-imports: 3.0.0_postcss@8.2.6
      postcss-modules-local-by-default: 4.0.0_postcss@8.2.6
      postcss-modules-scope: 3.0.0_postcss@8.2.6
      postcss-modules-values: 4.0.0_postcss@8.2.6
      string-hash: 1.1.3
    dev: true
    peerDependencies:
      postcss: ^8.0.0
    resolution:
      integrity: sha1-K8fydquI8/Gw+t9svXdy1DtfO5s=
      tarball: postcss-modules/download/postcss-modules-4.0.0.tgz?cache=0&sync_timestamp=1606752277763&other_urls=https%3A%2F%2Fregistry.npm.taobao.org%2Fpostcss-modules%2Fdownload%2Fpostcss-modules-4.0.0.tgz
  /postcss-selector-parser/6.0.4:
    dependencies:
      cssesc: 3.0.0
      indexes-of: 1.0.1
      uniq: 1.0.1
      util-deprecate: 1.0.2
    dev: true
    engines:
      node: '>=4'
    resolution:
      integrity: sha1-VgdaE4CgRgTDiwY+p3Z6Epr1wrM=
      tarball: postcss-selector-parser/download/postcss-selector-parser-6.0.4.tgz
  /postcss-value-parser/4.1.0:
    dev: true
    resolution:
      integrity: sha1-RD9qIM7WSBor2k+oUypuVdeJoss=
      tarball: postcss-value-parser/download/postcss-value-parser-4.1.0.tgz
  /postcss/8.2.6:
    dependencies:
      colorette: 1.2.2
      nanoid: 3.1.20
      source-map: 0.6.1
    dev: true
    engines:
      node: ^10 || ^12 || >=14
    resolution:
      integrity: sha1-XWmpdFQ7Rfh+RkvEw+OSqX1r6f4=
      tarball: postcss/download/postcss-8.2.6.tgz
  /preact/10.5.12:
    dev: true
    resolution:
      integrity: sha1-ao7ov0CmlcUF35q+us2STk3TdwQ=
      tarball: preact/download/preact-10.5.12.tgz
  /prismjs/1.23.0:
    dev: true
    optionalDependencies:
      clipboard: 2.0.6
    resolution:
      integrity: sha1-07OWf31yRAaQSXZSqdQP8EYGfzM=
      tarball: prismjs/download/prismjs-1.23.0.tgz
  /queue-microtask/1.2.2:
    dev: true
    resolution:
      integrity: sha1-q/ZEkebs8POKZQJAPUzaBPNy39M=
      tarball: queue-microtask/download/queue-microtask-1.2.2.tgz
  /readable-stream/3.6.0:
    dependencies:
      inherits: 2.0.4
      string_decoder: 1.3.0
      util-deprecate: 1.0.2
    dev: true
    engines:
      node: '>= 6'
    resolution:
      integrity: sha1-M3u9o63AcGvT4CRCaihtS0sskZg=
      tarball: readable-stream/download/readable-stream-3.6.0.tgz?cache=0&sync_timestamp=1605895724402&other_urls=https%3A%2F%2Fregistry.npm.taobao.org%2Freadable-stream%2Fdownload%2Freadable-stream-3.6.0.tgz
  /resolve/1.20.0:
    dependencies:
      is-core-module: 2.2.0
      path-parse: 1.0.6
    dev: true
    resolution:
      integrity: sha1-YpoBP7P3B1XW8LeTXMHCxTeLGXU=
      tarball: resolve/download/resolve-1.20.0.tgz
  /restore-cursor/3.1.0:
    dependencies:
      onetime: 5.1.2
      signal-exit: 3.0.3
    dev: true
    engines:
      node: '>=8'
    resolution:
      integrity: sha1-OfZ8VLOnpYzqUjbZXPADQjljH34=
      tarball: restore-cursor/download/restore-cursor-3.1.0.tgz
  /reusify/1.0.4:
    dev: true
    engines:
      iojs: '>=1.0.0'
      node: '>=0.10.0'
    resolution:
      integrity: sha1-kNo4Kx4SbvwCFG6QhFqI2xKSXXY=
      tarball: reusify/download/reusify-1.0.4.tgz
  /rollup/2.40.0:
    dev: true
    engines:
      node: '>=10.0.0'
    hasBin: true
    optionalDependencies:
      fsevents: 2.3.2
    resolution:
      integrity: sha1-78IY6u3nq1kJVN9Q+WGVGImZwwQ=
      tarball: rollup/download/rollup-2.40.0.tgz?cache=0&sync_timestamp=1614415058623&other_urls=https%3A%2F%2Fregistry.npm.taobao.org%2Frollup%2Fdownload%2Frollup-2.40.0.tgz
  /run-parallel/1.2.0:
    dependencies:
      queue-microtask: 1.2.2
    dev: true
    resolution:
      integrity: sha1-ZtE2jae9+SHrnZW9GpIp5/IaQ+4=
      tarball: run-parallel/download/run-parallel-1.2.0.tgz
  /safe-buffer/5.1.2:
    dev: true
    resolution:
      integrity: sha1-mR7GnSluAxN0fVm9/St0XDX4go0=
      tarball: safe-buffer/download/safe-buffer-5.1.2.tgz
  /safe-buffer/5.2.1:
    dev: true
    resolution:
      integrity: sha1-Hq+fqb2x/dTsdfWPnNtOa3gn7sY=
      tarball: safe-buffer/download/safe-buffer-5.2.1.tgz
  /section-matter/1.0.0:
    dependencies:
      extend-shallow: 2.0.1
      kind-of: 6.0.3
    dev: true
    engines:
      node: '>=4'
    resolution:
      integrity: sha1-6QQZU1BngOwB1Z8pKhnHuFC4QWc=
      tarball: section-matter/download/section-matter-1.0.0.tgz
  /select/1.1.2:
    dev: true
    optional: true
    resolution:
      integrity: sha1-DnNQrN7ICxEIUoeG7B1EGNEbOW0=
      tarball: select/download/select-1.1.2.tgz
  /signal-exit/3.0.3:
    dev: true
    resolution:
      integrity: sha1-oUEMLt2PB3sItOJTyOrPyvBXRhw=
      tarball: signal-exit/download/signal-exit-3.0.3.tgz
  /sirv/1.0.11:
    dependencies:
      '@polka/url': 1.0.0-next.11
      mime: 2.5.2
      totalist: 1.1.0
    dev: true
    engines:
      node: '>= 10'
    resolution:
      integrity: sha1-gcGaKSAgSFB9bsDYuokQ/aUutaQ=
      tarball: sirv/download/sirv-1.0.11.tgz
  /slash/3.0.0:
    dev: true
    engines:
      node: '>=8'
    resolution:
      integrity: sha1-ZTm+hwwWWtvVJAIg2+Nh8bxNRjQ=
      tarball: slash/download/slash-3.0.0.tgz
  /source-map/0.6.1:
    dev: true
    engines:
      node: '>=0.10.0'
    resolution:
      integrity: sha1-dHIq8y6WFOnCh6jQu95IteLxomM=
      tarball: source-map/download/source-map-0.6.1.tgz
  /sourcemap-codec/1.4.8:
    dev: true
    resolution:
      integrity: sha1-6oBL2UhXQC5pktBaOO8a41qatMQ=
      tarball: sourcemap-codec/download/sourcemap-codec-1.4.8.tgz
  /sprintf-js/1.0.3:
    dev: true
    resolution:
      integrity: sha1-BOaSb2YolTVPPdAVIDYzuFcpfiw=
      tarball: sprintf-js/download/sprintf-js-1.0.3.tgz
  /string-hash/1.1.3:
    dev: true
    resolution:
      integrity: sha1-6Kr8CsGFW0Zmkp7X3RJ1311sgRs=
      tarball: string-hash/download/string-hash-1.1.3.tgz
  /string_decoder/1.3.0:
    dependencies:
      safe-buffer: 5.2.1
    dev: true
    resolution:
      integrity: sha1-QvEUWUpGzxqOMLCoT1bHjD7awh4=
      tarball: string_decoder/download/string_decoder-1.3.0.tgz
  /strip-ansi/6.0.0:
    dependencies:
      ansi-regex: 5.0.0
    dev: true
    engines:
      node: '>=8'
    resolution:
      integrity: sha1-CxVx3XZpzNTz4G4U7x7tJiJa5TI=
      tarball: strip-ansi/download/strip-ansi-6.0.0.tgz
  /strip-bom-string/1.0.0:
    dev: true
    engines:
      node: '>=0.10.0'
    resolution:
      integrity: sha1-5SEekiQ2n7uB1jOi8ABE3IztrZI=
      tarball: strip-bom-string/download/strip-bom-string-1.0.0.tgz
  /supports-color/7.2.0:
    dependencies:
      has-flag: 4.0.0
    dev: true
    engines:
      node: '>=8'
    resolution:
      integrity: sha1-G33NyzK4E4gBs+R4umpRyqiWSNo=
      tarball: supports-color/download/supports-color-7.2.0.tgz?cache=0&sync_timestamp=1611394710446&other_urls=https%3A%2F%2Fregistry.npm.taobao.org%2Fsupports-color%2Fdownload%2Fsupports-color-7.2.0.tgz
  /tiny-emitter/2.1.0:
    dev: true
    optional: true
    resolution:
      integrity: sha1-HRpW7fxRxD6GPLtTgqcjMONVVCM=
      tarball: tiny-emitter/download/tiny-emitter-2.1.0.tgz
  /to-fast-properties/2.0.0:
    dev: true
    engines:
      node: '>=4'
    resolution:
      integrity: sha1-3F5pjL0HkmW8c+A3doGk5Og/YW4=
      tarball: to-fast-properties/download/to-fast-properties-2.0.0.tgz
  /to-regex-range/5.0.1:
    dependencies:
      is-number: 7.0.0
    dev: true
    engines:
      node: '>=8.0'
    resolution:
      integrity: sha1-FkjESq58jZiKMmAY7XL1tN0DkuQ=
      tarball: to-regex-range/download/to-regex-range-5.0.1.tgz
  /totalist/1.1.0:
    dev: true
    engines:
      node: '>=6'
    resolution:
      integrity: sha1-pNZaPlRlF3AePlw3pHpwrJf+Vt8=
      tarball: totalist/download/totalist-1.1.0.tgz
  /trouter/2.0.1:
    dependencies:
      matchit: 1.1.0
    dev: true
    engines:
      node: '>=6'
    resolution:
      integrity: sha1-Jyal+FWOCQ0kw6OT8J6qsd8jLfY=
      tarball: trouter/download/trouter-2.0.1.tgz
  /uc.micro/1.0.6:
    dev: true
    resolution:
      integrity: sha1-nEEagCpAmpH8bPdAgbq6NLJEmaw=
      tarball: uc.micro/download/uc.micro-1.0.6.tgz
  /uniq/1.0.1:
    dev: true
    resolution:
      integrity: sha1-sxxa6CVIRKOoKBVBzisEuGWnNP8=
      tarball: uniq/download/uniq-1.0.1.tgz
  /universalify/2.0.0:
    dev: true
    engines:
      node: '>= 10.0.0'
    resolution:
      integrity: sha1-daSYTv7cSwiXXFrrc/Uw0C3yVxc=
      tarball: universalify/download/universalify-2.0.0.tgz
  /util-deprecate/1.0.2:
    dev: true
    resolution:
      integrity: sha1-RQ1Nyfpw3nMnYvvS1KKJgUGaDM8=
      tarball: util-deprecate/download/util-deprecate-1.0.2.tgz
  /vary/1.1.2:
    dev: true
    engines:
      node: '>= 0.8'
    resolution:
      integrity: sha1-IpnwLG3tMNSllhsLn3RSShj2NPw=
      tarball: vary/download/vary-1.1.2.tgz
  /vite/2.0.4:
    dependencies:
      esbuild: 0.8.54
      postcss: 8.2.6
      resolve: 1.20.0
      rollup: 2.40.0
    dev: true
    engines:
      node: '>=12.0.0'
    hasBin: true
    optionalDependencies:
      fsevents: 2.3.2
    resolution:
      integrity: sha1-BjUypBObWaBnKX2Ou1lg1FCQegk=
      tarball: vite/download/vite-2.0.4.tgz
  /vitepress/0.12.2:
    dependencies:
      '@docsearch/css': 1.0.0-alpha.28
      '@docsearch/js': 1.0.0-alpha.28
      '@vitejs/plugin-vue': 1.1.5_@vue+compiler-sfc@3.0.6
      '@vue/compiler-sfc': 3.0.6_vue@3.0.6
      '@vue/server-renderer': 3.0.6_vue@3.0.6
      chalk: 4.1.0
      compression: 1.7.4
      debug: 4.3.1
      diacritics: 1.3.0
      escape-html: 1.0.3
      fs-extra: 9.1.0
      globby: 11.0.2
      gray-matter: 4.0.2
      lru-cache: 6.0.0
      markdown-it: 10.0.0
      markdown-it-anchor: 5.3.0_markdown-it@10.0.0
      markdown-it-container: 2.0.0
      markdown-it-emoji: 1.4.0
      markdown-it-table-of-contents: 0.4.4
      minimist: 1.2.5
      ora: 5.3.0
      polka: 0.5.2
      prismjs: 1.23.0
      sirv: 1.0.11
      slash: 3.0.0
      vite: 2.0.4
      vue: 3.0.6
    dev: true
    engines:
      node: '>=12.0.0'
    hasBin: true
    resolution:
      integrity: sha1-XlPHijygRfhRPNS+3y4oD5jUj2E=
      tarball: vitepress/download/vitepress-0.12.2.tgz
  /vue/3.0.6:
    dependencies:
      '@vue/compiler-dom': 3.0.6
      '@vue/runtime-dom': 3.0.6
      '@vue/shared': 3.0.6
    dev: true
    resolution:
      integrity: sha1-LBbtS7ZvFtbG9uqjt9WDWnZZgEk=
      tarball: vue/download/vue-3.0.6.tgz
  /wcwidth/1.0.1:
    dependencies:
      defaults: 1.0.3
    dev: true
    resolution:
      integrity: sha1-8LDc+RW8X/FSivrbLA4XtTLaL+g=
      tarball: wcwidth/download/wcwidth-1.0.1.tgz
  /yallist/3.1.1:
    dev: true
    resolution:
      integrity: sha1-27fa+b/YusmrRev2ArjLrQ1dCP0=
      tarball: yallist/download/yallist-3.1.1.tgz
  /yallist/4.0.0:
    dev: true
    resolution:
      integrity: sha1-m7knkNnA7/7GO+c1GeEaNQGaOnI=
      tarball: yallist/download/yallist-4.0.0.tgz
specifiers:
  vitepress: ^0.12.2
